{
  "version": 1,
  "packages": {
    "OpenCapTable-v34/0.0.1/OpenCapTable-v34.dar": {
      "sha256": "d14f72adf08c64ad652f22aac932e9d267a9ae55d353eb6e7a20e5ec42ee6a79",
      "size": 2441273,
      "sdkVersion": "3.4.10",
      "uploadedAt": "2026-05-04T15:44:50.783Z",
      "networks": [
        "devnet",
        "mainnet"
      ]
    },
    "OpenCapTable-v34/0.0.10/OpenCapTable-v34.dar": {
      "sha256": "54f7388d9b161a5396acdc0200d6ce80c2f52c8d17e7817e9653f4bc59aa3600",
      "size": 2642264,
      "sdkVersion": "3.4.10",
      "uploadedAt": "2026-07-09T13:01:59.033Z",
      "networks": []
    },
    "OpenCapTable-v34/0.0.11/OpenCapTable-v34.dar": {
      "sha256": "d0882b16bfea66cff9c0bce78c840a50b2ab1a772789b0c93b8a5fa5d6fab3b1",
      "size": 2693448,
      "sdkVersion": "3.4.10",
      "uploadedAt": "2026-07-09T13:45:48.958Z",
      "networks": []
    },
    "OpenCapTable-v34/0.0.12/OpenCapTable-v34.dar": {
      "sha256": "c9ede9d3d6bb7e869b9e26ae8376c50b5ef3ef56c8ba282922a809bc82b4c206",
      "size": 2733102,
      "sdkVersion": "3.4.10",
      "uploadedAt": "2026-07-09T14:17:17.823Z",
      "networks": []
    },
    "OpenCapTable-v34/0.0.2/OpenCapTable-v34.dar": {
      "sha256": "2ce462b8afcb1bcdbe351c56b0a47de478477f3c655da00e41cb397f63e997d6",
      "size": 2446238,
      "sdkVersion": "3.4.10",
      "uploadedAt": "2026-07-07T21:50:59.634Z",
      "networks": []
    },
    "OpenCapTable-v34/0.0.3/OpenCapTable-v34.dar": {
      "sha256": "97ff8995277f708334f31219aa06c7a742ecb30fe3aaa23fb046583561b053c5",
      "size": 2554649,
      "sdkVersion": "3.4.10",
      "uploadedAt": "2026-07-09T00:41:37.578Z",
      "networks": []
    },
    "OpenCapTable-v34/0.0.4/OpenCapTable-v34.dar": {
      "sha256": "ced34adbf61393475b2e00e51d8f112f5c423f3bbf0bb544c10febd2058c80ad",
      "size": 2576174,
      "sdkVersion": "3.4.10",
      "uploadedAt": "2026-07-09T12:34:07.425Z",
      "networks": []
    },
    "OpenCapTable-v34/0.0.5/OpenCapTable-v34.dar": {
      "sha256": "37aff51c4b661f9e1608a5286a5679b31eb63a4540f5a9b716db2b63399a3363",
      "size": 2621158,
      "sdkVersion": "3.4.10",
      "uploadedAt": "2026-07-09T13:40:08.453Z",
      "networks": []
    },
    "OpenCapTable-v34/0.0.6/OpenCapTable-v34.dar": {
      "sha256": "d4e6e1ef790acb1b319f3cfc4ee7dbb2948acb07568cdddc54414cb4b5bc33fc",
      "size": 2666478,
      "sdkVersion": "3.4.10",
      "uploadedAt": "2026-07-09T13:43:07.082Z",
      "networks": []
    },
    "OpenCapTable-v34/0.0.7/OpenCapTable-v34.dar": {
      "sha256": "64b5f71d1108bd5924fe86e0bd62f9bac301a476d4ee53ae7743b103224c44dd",
      "size": 2628793,
      "sdkVersion": "3.4.10",
      "uploadedAt": "2026-07-09T11:46:17.671Z",
      "networks": []
    },
    "OpenCapTable-v34/0.0.8/OpenCapTable-v34.dar": {
      "sha256": "67553898061019b37717fc99a3d8d712c2392738e426e1b640d577896c4c1321",
      "size": 2630155,
      "sdkVersion": "3.4.10",
      "uploadedAt": "2026-07-09T11:59:30.767Z",
      "networks": []
    },
    "OpenCapTable-v34/0.0.9/OpenCapTable-v34.dar": {
      "sha256": "b84a021f8862ad8d3f40b5c44d6769f145dd94163226ce43bed5beed23427fdf",
      "size": 2633877,
      "sdkVersion": "3.4.10",
      "uploadedAt": "2026-07-09T12:11:45.359Z",
      "networks": []
    }
  }
}
