{
  "version": 1,
  "packages": {
    "CantonPayments/0.0.31/CantonPayments.dar": {
      "sha256": "9eed8baf387232848de87bbdb7b8af3af76142954d9910b35ef58a75f75a29c4",
      "size": 1496621,
      "sdkVersion": "3.4.10",
      "uploadedAt": "2026-01-14T15:13:32.942Z",
      "networks": [
        "devnet",
        "mainnet"
      ]
    },
    "CantonPayments/0.0.32/CantonPayments.dar": {
      "sha256": "509e7b2e795d3bea5d9871c3bf2e5b0f76e5e362a805efa80c77cd4a44ae3885",
      "size": 1497753,
      "sdkVersion": "3.4.10",
      "uploadedAt": "2026-01-14T15:49:56.429Z",
      "networks": [
        "devnet",
        "mainnet"
      ]
    },
    "CantonPayments/0.0.33/CantonPayments.dar": {
      "sha256": "f3df39c16ba5054ebf67aef1a317d614705476adbade7c9b204c4ffb60d1841b",
      "size": 1499372,
      "sdkVersion": "3.4.10",
      "uploadedAt": "2026-04-06T15:37:12.082Z",
      "networks": []
    },
    "CouponMinter/0.0.1/CouponMinter.dar": {
      "sha256": "c0843bb679e2005a4b8cf2ea8cb5f3e337aff1b780ff17fd6887b774237b87c5",
      "size": 599821,
      "sdkVersion": "3.4.10",
      "uploadedAt": "2026-01-13T17:36:41.000Z",
      "networks": [
        "devnet",
        "mainnet"
      ]
    },
    "CouponMinter/0.0.2/CouponMinter.dar": {
      "sha256": "73762d17be752f4ca7612c355526651c82b11e1a2c9463718d3e03dab804a8b8",
      "size": 599943,
      "sdkVersion": "3.4.10",
      "uploadedAt": "2026-04-06T15:37:12.558Z",
      "networks": []
    },
    "OpenCapTable-v26/0.0.1/OpenCapTable-v26.dar": {
      "sha256": "57b407ba09cb967a3d08fb80eaa90b5db3d5918521a29b15c02fb28cc4ec39bd",
      "size": 2288144,
      "sdkVersion": "3.4.10",
      "uploadedAt": "2026-01-13T17:35:19.311Z",
      "networks": [
        "mainnet"
      ]
    },
    "OpenCapTable-v27/0.0.1/OpenCapTable-v27.dar": {
      "sha256": "533a5a7f767dc1a16b39c84c0957c045c97c3390eccaad162864e527cdd471bf",
      "size": 2305740,
      "sdkVersion": "3.4.10",
      "uploadedAt": "2026-01-13T20:31:40.105Z",
      "networks": [
        "devnet",
        "mainnet"
      ]
    },
    "OpenCapTable-v28/0.0.1/OpenCapTable-v28.dar": {
      "sha256": "8f2be3d77ed8c5f765f64707309be2a7006e75e6f8cf4c32795164d7a2ffd99c",
      "size": 2308037,
      "sdkVersion": "3.4.10",
      "uploadedAt": "2026-01-13T20:58:14.892Z",
      "networks": [
        "devnet",
        "mainnet"
      ]
    },
    "OpenCapTable-v29/0.0.1/OpenCapTable-v29.dar": {
      "sha256": "20db4fd852bd4caa03b554235f7478b2311116848db751f419654ee4e91970c5",
      "size": 2311073,
      "sdkVersion": "3.4.10",
      "uploadedAt": "2026-01-15T19:33:09.447Z",
      "networks": [
        "devnet",
        "mainnet"
      ]
    },
    "OpenCapTable-v30/0.0.1/OpenCapTable-v30.dar": {
      "sha256": "c947f8a5db68faed358bf084e725fea465057351c4913ad0d5087ceb9a32e092",
      "size": 2367475,
      "sdkVersion": "3.4.10",
      "uploadedAt": "2026-01-27T19:50:58.087Z",
      "networks": [
        "devnet",
        "mainnet"
      ]
    },
    "OpenCapTable-v31/0.0.1/OpenCapTable-v31.dar": {
      "sha256": "ef09a9a3e34bb5a89cf6ad5032e750b915fd7be68a5f07427d158064ceb8c1c2",
      "size": 2366273,
      "sdkVersion": "3.4.10",
      "uploadedAt": "2026-02-03T14:47:02.659Z",
      "networks": [
        "devnet",
        "mainnet"
      ]
    },
    "OpenCapTable-v31/0.0.2/OpenCapTable-v31.dar": {
      "sha256": "7032fec35d21f0cf73c8dab05e66272d8d4eb71e1921e990572371cf63002c2d",
      "size": 2366589,
      "sdkVersion": "3.4.10",
      "uploadedAt": "2026-02-06T12:04:51.258Z",
      "networks": [
        "devnet",
        "mainnet"
      ]
    },
    "OpenCapTable-v31/0.0.3/OpenCapTable-v31.dar": {
      "sha256": "15fa9fab06896a587534b0abb0d9b05296ddbbdaf247ea394a86b21c57f40e31",
      "size": 2366604,
      "sdkVersion": "3.4.10",
      "uploadedAt": "2026-02-12T19:40:17.635Z",
      "networks": [
        "devnet",
        "mainnet"
      ]
    },
    "OpenCapTable-v31/0.0.4/OpenCapTable-v31.dar": {
      "sha256": "4b6cc252b6859760438f9603878689e4437f1bb35fde96c1338790d6879fc72d",
      "size": 2377984,
      "sdkVersion": "3.4.10",
      "uploadedAt": "2026-02-17T21:16:38.538Z",
      "networks": [
        "devnet"
      ]
    },
    "OpenCapTable-v32/0.0.1/OpenCapTable-v32.dar": {
      "sha256": "c2605ba5ffac2c247929a75d1f8ca72bb74059a8182cf8f8ed5380d6bd699cf8",
      "size": 2378089,
      "sdkVersion": "3.4.10",
      "uploadedAt": "2026-03-05T19:41:27.725Z",
      "networks": [
        "devnet",
        "mainnet"
      ]
    },
    "OpenCapTable-v33/0.0.1/OpenCapTable-v33.dar": {
      "sha256": "22308e9d7f6e744ba81f50575037344e4afb20aaf7cec870046d41e1715e6586",
      "size": 2382182,
      "sdkVersion": "3.4.10",
      "uploadedAt": "2026-03-17T16:40:07.266Z",
      "networks": [
        "devnet",
        "mainnet"
      ]
    },
    "OpenCapTable-v34/0.0.1/OpenCapTable-v34.dar": {
      "sha256": "c72d353ea2bb524cf2c7fb6ed0deffdd4e73b58380671325b0988dd808d3217c",
      "size": 2393234,
      "sdkVersion": "3.4.10",
      "uploadedAt": "2026-04-06T15:37:10.126Z",
      "networks": []
    },
    "OpenCapTableNft-v01/0.0.1/OpenCapTableNft-v01.dar": {
      "sha256": "1fbb4cfa5011eff4735362d981a0ffb972682972aab9b0f469014acd8e8d715c",
      "size": 503158,
      "sdkVersion": "3.4.10",
      "uploadedAt": "2026-04-06T15:37:11.148Z",
      "networks": []
    },
    "OpenCapTableProofOfOwnership-v01/0.0.1/OpenCapTableProofOfOwnership-v01.dar": {
      "sha256": "03b817f86954442d9ad4fb26400fa6630b1846b2678b16e259c130989ad46a13",
      "size": 1601516,
      "sdkVersion": "3.4.10",
      "uploadedAt": "2026-04-06T15:37:11.607Z",
      "networks": []
    },
    "OpenCapTableReports-v01/0.0.2/OpenCapTableReports-v01.dar": {
      "sha256": "46f9ad042163fd68aac26f87f97e6228665874dbc4f4deabb962ff2e4f2006b2",
      "size": 606813,
      "sdkVersion": "3.4.10",
      "uploadedAt": "2026-04-06T15:37:10.581Z",
      "networks": []
    },
    "Shared/0.0.5/Shared.dar": {
      "sha256": "935434e3e87d082bcd735168752afa55e732b14f378e02f267fcb49c9bcef259",
      "size": 970341,
      "sdkVersion": "3.4.10",
      "uploadedAt": "2026-04-06T15:37:09.613Z",
      "networks": []
    }
  }
}
