{
  "version": 1,
  "packages": {
    "CouponMinter/0.0.1/CouponMinter.dar": {
      "sha256": "c0843bb679e2005a4b8cf2ea8cb5f3e337aff1b780ff17fd6887b774237b87c5",
      "size": 599821,
      "sdkVersion": "3.4.10",
      "uploadedAt": "2026-01-13T17:36:41.000Z",
      "networks": [
        "devnet",
        "mainnet"
      ]
    },
    "OpenCapTable-v26/0.0.1/OpenCapTable-v26.dar": {
      "sha256": "57b407ba09cb967a3d08fb80eaa90b5db3d5918521a29b15c02fb28cc4ec39bd",
      "size": 2288144,
      "sdkVersion": "3.4.10",
      "uploadedAt": "2026-01-13T17:35:19.311Z",
      "networks": [
        "mainnet"
      ]
    },
    "OpenCapTable-v27/0.0.1/OpenCapTable-v27.dar": {
      "sha256": "533a5a7f767dc1a16b39c84c0957c045c97c3390eccaad162864e527cdd471bf",
      "size": 2305740,
      "sdkVersion": "3.4.10",
      "uploadedAt": "2026-01-13T20:31:40.105Z",
      "networks": [
        "devnet",
        "mainnet"
      ]
    }
  }
}
